
Microsoft Visual Studio Solution File, Format Version 12.00
# Visual Studio 15
Project("{FAE04EC0-301F-11D3-BF4B-00C04F79EFBC}") = "Assembly-CSharp", "Assembly-CSharp.csproj", "{91AD4B29-2ACE-A051-D8F5-D1346F3C41AB}"
EndProject
Project("{FAE04EC0-301F-11D3-BF4B-00C04F79EFBC}") = "Assembly-CSharp-firstpass", "Assembly-CSharp-firstpass.csproj", "{EC46103E-94C1-83CD-023B-D76BFFF6947D}"
EndProject
Project("{FAE04EC0-301F-11D3-BF4B-00C04F79EFBC}") = "Assembly-CSharp-Editor-firstpass", "Assembly-CSharp-Editor-firstpass.csproj", "{BC5F8CBE-8BEE-7302-044E-51E3CEDECC4C}"
EndProject
Global
	GlobalSection(SolutionConfigurationPlatforms) = preSolution
		Debug|Any CPU = Debug|Any CPU
		Release|Any CPU = Release|Any CPU
	EndGlobalSection
	GlobalSection(ProjectConfigurationPlatforms) = postSolution
		{91AD4B29-2ACE-A051-D8F5-D1346F3C41AB}.Debug|Any CPU.ActiveCfg = Debug|Any CPU
		{91AD4B29-2ACE-A051-D8F5-D1346F3C41AB}.Debug|Any CPU.Build.0 = Debug|Any CPU
		{91AD4B29-2ACE-A051-D8F5-D1346F3C41AB}.Release|Any CPU.ActiveCfg = Release|Any CPU
		{91AD4B29-2ACE-A051-D8F5-D1346F3C41AB}.Release|Any CPU.Build.0 = Release|Any CPU
		{EC46103E-94C1-83CD-023B-D76BFFF6947D}.Debug|Any CPU.ActiveCfg = Debug|Any CPU
		{EC46103E-94C1-83CD-023B-D76BFFF6947D}.Debug|Any CPU.Build.0 = Debug|Any CPU
		{EC46103E-94C1-83CD-023B-D76BFFF6947D}.Release|Any CPU.ActiveCfg = Release|Any CPU
		{EC46103E-94C1-83CD-023B-D76BFFF6947D}.Release|Any CPU.Build.0 = Release|Any CPU
		{BC5F8CBE-8BEE-7302-044E-51E3CEDECC4C}.Debug|Any CPU.ActiveCfg = Debug|Any CPU
		{BC5F8CBE-8BEE-7302-044E-51E3CEDECC4C}.Debug|Any CPU.Build.0 = Debug|Any CPU
		{BC5F8CBE-8BEE-7302-044E-51E3CEDECC4C}.Release|Any CPU.ActiveCfg = Release|Any CPU
		{BC5F8CBE-8BEE-7302-044E-51E3CEDECC4C}.Release|Any CPU.Build.0 = Release|Any CPU
	EndGlobalSection
	GlobalSection(SolutionProperties) = preSolution
		HideSolutionNode = FALSE
	EndGlobalSection
EndGlobal
